
Microsoft Visual Studio Solution File, Format Version 12.00
# Visual Studio Version 17
VisualStudioVersion = 17.12.35728.132 d17.12
MinimumVisualStudioVersion = 10.0.40219.1
Project("{FAE04EC0-301F-11D3-BF4B-00C04F79EFBC}") = "FlexLogStream", "FlexLogStream\FlexLogStream.csproj", "{BE09C6E0-7433-4819-8046-6F02D762135A}"
EndProject
Project("{FAE04EC0-301F-11D3-BF4B-00C04F79EFBC}") = "TestFlexLogStream.api", "TestFlexLogStream.api\TestFlexLogStream.api.csproj", "{565E7CB1-408D-4F21-9B39-6AB3FACFFC76}"
EndProject
Global
	GlobalSection(SolutionConfigurationPlatforms) = preSolution
		Debug|Any CPU = Debug|Any CPU
		Release|Any CPU = Release|Any CPU
	EndGlobalSection
	GlobalSection(ProjectConfigurationPlatforms) = postSolution
		{BE09C6E0-7433-4819-8046-6F02D762135A}.Debug|Any CPU.ActiveCfg = Debug|Any CPU
		{BE09C6E0-7433-4819-8046-6F02D762135A}.Debug|Any CPU.Build.0 = Debug|Any CPU
		{BE09C6E0-7433-4819-8046-6F02D762135A}.Release|Any CPU.ActiveCfg = Release|Any CPU
		{BE09C6E0-7433-4819-8046-6F02D762135A}.Release|Any CPU.Build.0 = Release|Any CPU
		{565E7CB1-408D-4F21-9B39-6AB3FACFFC76}.Debug|Any CPU.ActiveCfg = Debug|Any CPU
		{565E7CB1-408D-4F21-9B39-6AB3FACFFC76}.Debug|Any CPU.Build.0 = Debug|Any CPU
		{565E7CB1-408D-4F21-9B39-6AB3FACFFC76}.Release|Any CPU.ActiveCfg = Release|Any CPU
		{565E7CB1-408D-4F21-9B39-6AB3FACFFC76}.Release|Any CPU.Build.0 = Release|Any CPU
	EndGlobalSection
	GlobalSection(SolutionProperties) = preSolution
		HideSolutionNode = FALSE
	EndGlobalSection
EndGlobal
